
Microsoft Visual Studio Solution File, Format Version 12.00
# Visual Studio Version 16
VisualStudioVersion = 16.0.30621.155
MinimumVisualStudioVersion = 10.0.40219.1
Project("{FAE04EC0-301F-11D3-BF4B-00C04F79EFBC}") = "Erdei_Daria_Lab8", "Erdei_Daria_Lab8.csproj", "{0011957F-D1CE-4F6A-9FF1-522089A22A1E}"
EndProject
Global
	GlobalSection(SolutionConfigurationPlatforms) = preSolution
		Debug|Any CPU = Debug|Any CPU
		Release|Any CPU = Release|Any CPU
	EndGlobalSection
	GlobalSection(ProjectConfigurationPlatforms) = postSolution
		{0011957F-D1CE-4F6A-9FF1-522089A22A1E}.Debug|Any CPU.ActiveCfg = Debug|Any CPU
		{0011957F-D1CE-4F6A-9FF1-522089A22A1E}.Debug|Any CPU.Build.0 = Debug|Any CPU
		{0011957F-D1CE-4F6A-9FF1-522089A22A1E}.Release|Any CPU.ActiveCfg = Release|Any CPU
		{0011957F-D1CE-4F6A-9FF1-522089A22A1E}.Release|Any CPU.Build.0 = Release|Any CPU
	EndGlobalSection
	GlobalSection(SolutionProperties) = preSolution
		HideSolutionNode = FALSE
	EndGlobalSection
	GlobalSection(ExtensibilityGlobals) = postSolution
		SolutionGuid = {4F0D2564-6D0D-4C55-8850-C3E35F849DD2}
	EndGlobalSection
EndGlobal
